Microsoft Visual Studio Solution File, Format Version 12.00
# Visual Studio Version 17
VisualStudioVersion = 17.5.2.0
MinimumVisualStudioVersion = 10.0.40219.1
Project("{FAE04EC0-301F-11D3-BF4B-00C04F79EFBC}") = "HospitalManagement", "HospitalManagement\HospitalManagement.csproj", "{238D9FD2-833D-EDA8-E574-E65F00FF6BD9}"
EndProject
Global
	GlobalSection(SolutionConfigurationPlatforms) = preSolution
		Debug|Any CPU = Debug|Any CPU
		Release|Any CPU = Release|Any CPU
	EndGlobalSection
	GlobalSection(ProjectConfigurationPlatforms) = postSolution
		{238D9FD2-833D-EDA8-E574-E65F00FF6BD9}.Debug|Any CPU.ActiveCfg = Debug|Any CPU
		{238D9FD2-833D-EDA8-E574-E65F00FF6BD9}.Debug|Any CPU.Build.0 = Debug|Any CPU
		{238D9FD2-833D-EDA8-E574-E65F00FF6BD9}.Release|Any CPU.ActiveCfg = Release|Any CPU
		{238D9FD2-833D-EDA8-E574-E65F00FF6BD9}.Release|Any CPU.Build.0 = Release|Any CPU
	EndGlobalSection
	GlobalSection(SolutionProperties) = preSolution
		HideSolutionNode = FALSE
	EndGlobalSection
	GlobalSection(ExtensibilityGlobals) = postSolution
		SolutionGuid = {4BC48FAA-5761-4DD4-ACDE-2A1811E59635}
	EndGlobalSection
EndGlobal
